
Microsoft Visual Studio Solution File, Format Version 12.00
# Visual Studio Version 16
VisualStudioVersion = 16.0.32228.343
MinimumVisualStudioVersion = 10.0.40219.1
Project("{FAE04EC0-301F-11D3-BF4B-00C04F79EFBC}") = "verify-user", "verify-user\verify-user.csproj", "{0A5A671C-A321-433D-A276-4B8F1E9CB1EA}"
EndProject
Global
	GlobalSection(SolutionConfigurationPlatforms) = preSolution
		Debug|Any CPU = Debug|Any CPU
		Release|Any CPU = Release|Any CPU
	EndGlobalSection
	GlobalSection(ProjectConfigurationPlatforms) = postSolution
		{0A5A671C-A321-433D-A276-4B8F1E9CB1EA}.Debug|Any CPU.ActiveCfg = Debug|Any CPU
		{0A5A671C-A321-433D-A276-4B8F1E9CB1EA}.Debug|Any CPU.Build.0 = Debug|Any CPU
		{0A5A671C-A321-433D-A276-4B8F1E9CB1EA}.Release|Any CPU.ActiveCfg = Release|Any CPU
		{0A5A671C-A321-433D-A276-4B8F1E9CB1EA}.Release|Any CPU.Build.0 = Release|Any CPU
	EndGlobalSection
	GlobalSection(SolutionProperties) = preSolution
		HideSolutionNode = FALSE
	EndGlobalSection
	GlobalSection(ExtensibilityGlobals) = postSolution
		SolutionGuid = {7D356267-66C7-4F4C-869D-599A2507990F}
	EndGlobalSection
EndGlobal
